
Microsoft Visual Studio Solution File, Format Version 12.00
# Visual Studio Version 17
VisualStudioVersion = 17.14.36414.22 d17.14
MinimumVisualStudioVersion = 10.0.40219.1
Project("{FAE04EC0-301F-11D3-BF4B-00C04F79EFBC}") = "AuthApi", "AuthApi\AuthApi.csproj", "{1CFA7258-E71B-4B8C-BB43-6D64643FCC74}"
EndProject
Global
	GlobalSection(SolutionConfigurationPlatforms) = preSolution
		Debug|Any CPU = Debug|Any CPU
		Release|Any CPU = Release|Any CPU
	EndGlobalSection
	GlobalSection(ProjectConfigurationPlatforms) = postSolution
		{1CFA7258-E71B-4B8C-BB43-6D64643FCC74}.Debug|Any CPU.ActiveCfg = Debug|Any CPU
		{1CFA7258-E71B-4B8C-BB43-6D64643FCC74}.Debug|Any CPU.Build.0 = Debug|Any CPU
		{1CFA7258-E71B-4B8C-BB43-6D64643FCC74}.Release|Any CPU.ActiveCfg = Release|Any CPU
		{1CFA7258-E71B-4B8C-BB43-6D64643FCC74}.Release|Any CPU.Build.0 = Release|Any CPU
	EndGlobalSection
	GlobalSection(SolutionProperties) = preSolution
		HideSolutionNode = FALSE
	EndGlobalSection
	GlobalSection(ExtensibilityGlobals) = postSolution
		SolutionGuid = {3A6F05D1-5A44-479C-A7E7-F4CD62CC2D13}
	EndGlobalSection
EndGlobal
